// !$*UTF8*$!
{
	archiveVersion = 1;
	classes = {
	};
	objectVersion = 48;
	objects = {

/* Begin PBXBuildFile section */
		56FC62A81F73D62D0058B0E3 /* AppDelegate.swift in Sources */ = {isa = PBXBuildFile; fileRef = 56FC62A71F73D62D0058B0E3 /* AppDelegate.swift */; };
		56FC62AA1F73D62D0058B0E3 /* ViewController.swift in Sources */ = {isa = PBXBuildFile; fileRef = 56FC62A91F73D62D0058B0E3 /* ViewController.swift */; };
		56FC62AD1F73D62D0058B0E3 /* Main.storyboard in Resources */ = {isa = PBXBuildFile; fileRef = 56FC62AB1F73D62D0058B0E3 /* Main.storyboard */; };
		56FC62AF1F73D62D0058B0E3 /* Assets.xcassets in Resources */ = {isa = PBXBuildFile; fileRef = 56FC62AE1F73D62D0058B0E3 /* Assets.xcassets */; };
		56FC62B21F73D62D0058B0E3 /* LaunchScreen.storyboard in Resources */ = {isa = PBXBuildFile; fileRef = 56FC62B01F73D62D0058B0E3 /* LaunchScreen.storyboard */; };
		56FC62BD1F73D62D0058B0E3 /* myApplicationTests.swift in Sources */ = {isa = PBXBuildFile; fileRef = 56FC62BC1F73D62D0058B0E3 /* myApplicationTests.swift */; };
		56FC62C81F73D62D0058B0E3 /* myApplicationUITests.swift in Sources */ = {isa = PBXBuildFile; fileRef = 56FC62C71F73D62D0058B0E3 /* myApplicationUITests.swift */; };
/* End PBXBuildFile section */

/* Begin PBXContainerItemProxy section */
		56FC62B91F73D62D0058B0E3 /* PBXContainerItemProxy */ = {
			isa = PBXContainerItemProxy;
			containerPortal = 56FC629C1F73D62D0058B0E3 /* Project object */;
			proxyType = 1;
			remoteGlobalIDString = 56FC62A31F73D62D0058B0E3;
			remoteInfo = myApplication;
		};
		56FC62C41F73D62D0058B0E3 /* PBXContainerItemProxy */ = {
			isa = PBXContainerItemProxy;
			containerPortal = 56FC629C1F73D62D0058B0E3 /* Project object */;
			proxyType = 1;
			remoteGlobalIDString = 56FC62A31F73D62D0058B0E3;
			remoteInfo = myApplication;
		};
/* End PBXContainerItemProxy section */

/* Begin PBXFileReference section */
		56FC62A41F73D62D0058B0E3 /* myApplication.app */ = {isa = PBXFileReference; explicitFileType = wrapper.application; includeInIndex = 0; path = myApplication.app; sourceTree = BUILT_PRODUCTS_DIR; };
		56FC62A71F73D62D0058B0E3 /* AppDelegate.swift */ = {isa = PBXFileReference; lastKnownFileType = sourcecode.swift; path = AppDelegate.swift; sourceTree = "<group>"; };
		56FC62A91F73D62D0058B0E3 /* ViewController.swift */ = {isa = PBXFileReference; lastKnownFileType = sourcecode.swift; path = ViewController.swift; sourceTree = "<group>"; };
		56FC62AC1F73D62D0058B0E3 /* Base */ = {isa = PBXFileReference; lastKnownFileType = file.storyboard; name = Base; path = Base.lproj/Main.storyboard; sourceTree = "<group>"; };
		56FC62AE1F73D62D0058B0E3 /* Assets.xcassets */ = {isa = PBXFileReference; lastKnownFileType = folder.assetcatalog; path = Assets.xcassets; sourceTree = "<group>"; };
		56FC62B11F73D62D0058B0E3 /* Base */ = {isa = PBXFileReference; lastKnownFileType = file.storyboard; name = Base; path = Base.lproj/LaunchScreen.storyboard; sourceTree = "<group>"; };
		56FC62B31F73D62D0058B0E3 /* Info.plist */ = {isa = PBXFileReference; lastKnownFileType = text.plist.xml; path = Info.plist; sourceTree = "<group>"; };
		56FC62B81F73D62D0058B0E3 /* myApplicationTests.xctest */ = {isa = PBXFileReference; explicitFileType = wrapper.cfbundle; includeInIndex = 0; path = myApplicationTests.xctest; sourceTree = BUILT_PRODUCTS_DIR; };
		56FC62BC1F73D62D0058B0E3 /* myApplicationTests.swift */ = {isa = PBXFileReference; lastKnownFileType = sourcecode.swift; path = myApplicationTests.swift; sourceTree = "<group>"; };
		56FC62BE1F73D62D0058B0E3 /* Info.plist */ = {isa = PBXFileReference; lastKnownFileType = text.plist.xml; path = Info.plist; sourceTree = "<group>"; };
		56FC62C31F73D62D0058B0E3 /* myApplicationUITests.xctest */ = {isa = PBXFileReference; explicitFileType = wrapper.cfbundle; includeInIndex = 0; path = myApplicationUITests.xctest; sourceTree = BUILT_PRODUCTS_DIR; };
		56FC62C71F73D62D0058B0E3 /* myApplicationUITests.swift */ = {isa = PBXFileReference; lastKnownFileType = sourcecode.swift; path = myApplicationUITests.swift; sourceTree = "<group>"; };
		56FC62C91F73D62D0058B0E3 /* Info.plist */ = {isa = PBXFileReference; lastKnownFileType = text.plist.xml; path = Info.plist; sourceTree = "<group>"; };
/* End PBXFileReference section */

/* Begin PBXFrameworksBuildPhase section */
		56FC62A11F73D62D0058B0E3 /* Frameworks */ = {
			isa = PBXFrameworksBuildPhase;
			buildActionMask = 2147483647;
			files = (
			);
			runOnlyForDeploymentPostprocessing = 0;
		};
		56FC62B51F73D62D0058B0E3 /* Frameworks */ = {
			isa = PBXFrameworksBuildPhase;
			buildActionMask = 2147483647;
			files = (
			);
			runOnlyForDeploymentPostprocessing = 0;
		};
		56FC62C01F73D62D0058B0E3 /* Frameworks */ = {
			isa = PBXFrameworksBuildPhase;
			buildActionMask = 2147483647;
			files = (
			);
			runOnlyForDeploymentPostprocessing = 0;
		};
/* End PBXFrameworksBuildPhase section */

/* Begin PBXGroup section */
		56FC629B1F73D62D0058B0E3 = {
			isa = PBXGroup;
			children = (
				56FC62A61F73D62D0058B0E3 /* myApplication */,
				56FC62BB1F73D62D0058B0E3 /* myApplicationTests */,
				56FC62C61F73D62D0058B0E3 /* myApplicationUITests */,
				56FC62A51F73D62D0058B0E3 /* Products */,
			);
			sourceTree = "<group>";
		};
		56FC62A51F73D62D0058B0E3 /* Products */ = {
			isa = PBXGroup;
			children = (
				56FC62A41F73D62D0058B0E3 /* myApplication.app */,
				56FC62B81F73D62D0058B0E3 /* myApplicationTests.xctest */,
				56FC62C31F73D62D0058B0E3 /* myApplicationUITests.xctest */,
			);
			name = Products;
			sourceTree = "<group>";
		};
		56FC62A61F73D62D0058B0E3 /* myApplication */ = {
			isa = PBXGroup;
			children = (
				56FC62A71F73D62D0058B0E3 /* AppDelegate.swift */,
				56FC62A91F73D62D0058B0E3 /* ViewController.swift */,
				56FC62AB1F73D62D0058B0E3 /* Main.storyboard */,
				56FC62AE1F73D62D0058B0E3 /* Assets.xcassets */,
				56FC62B01F73D62D0058B0E3 /* LaunchScreen.storyboard */,
				56FC62B31F73D62D0058B0E3 /* Info.plist */,
			);
			path = myApplication;
			sourceTree = "<group>";
		};
		56FC62BB1F73D62D0058B0E3 /* myApplicationTests */ = {
			isa = PBXGroup;
			children = (
				56FC62BC1F73D62D0058B0E3 /* myApplicationTests.swift */,
				56FC62BE1F73D62D0058B0E3 /* Info.plist */,
			);
			path = myApplicationTests;
			sourceTree = "<group>";
		};
		56FC62C61F73D62D0058B0E3 /* myApplicationUITests */ = {
			isa = PBXGroup;
			children = (
				56FC62C71F73D62D0058B0E3 /* myApplicationUITests.swift */,
				56FC62C91F73D62D0058B0E3 /* Info.plist */,
			);
			path = myApplicationUITests;
			sourceTree = "<group>";
		};
/* End PBXGroup section */

/* Begin PBXNativeTarget section */
		56FC62A31F73D62D0058B0E3 /* myApplication */ = {
			isa = PBXNativeTarget;
			buildConfigurationList = 56FC62CC1F73D62D0058B0E3 /* Build configuration list for PBXNativeTarget "myApplication" */;
			buildPhases = (
				56FC62A01F73D62D0058B0E3 /* Sources */,
				56FC62A11F73D62D0058B0E3 /* Frameworks */,
				56FC62A21F73D62D0058B0E3 /* Resources */,
			);
			buildRules = (
			);
			dependencies = (
			);
			name = myApplication;
			productName = myApplication;
			productReference = 56FC62A41F73D62D0058B0E3 /* myApplication.app */;
			productType = "com.apple.product-type.application";
		};
		56FC62B71F73D62D0058B0E3 /* myApplicationTests */ = {
			isa = PBXNativeTarget;
			buildConfigurationList = 56FC62CF1F73D62D0058B0E3 /* Build configuration list for PBXNativeTarget "myApplicationTests" */;
			buildPhases = (
				56FC62B41F73D62D0058B0E3 /* Sources */,
				56FC62B51F73D62D0058B0E3 /* Frameworks */,
				56FC62B61F73D62D0058B0E3 /* Resources */,
			);
			buildRules = (
			);
			dependencies = (
				56FC62BA1F73D62D0058B0E3 /* PBXTargetDependency */,
			);
			name = myApplicationTests;
			productName = myApplicationTests;
			productReference = 56FC62B81F73D62D0058B0E3 /* myApplicationTests.xctest */;
			productType = "com.apple.product-type.bundle.unit-test";
		};
		56FC62C21F73D62D0058B0E3 /* myApplicationUITests */ = {
			isa = PBXNativeTarget;
			buildConfigurationList = 56FC62D21F73D62D0058B0E3 /* Build configuration list for PBXNativeTarget "myApplicationUITests" */;
			buildPhases = (
				56FC62BF1F73D62D0058B0E3 /* Sources */,
				56FC62C01F73D62D0058B0E3 /* Frameworks */,
				56FC62C11F73D62D0058B0E3 /* Resources */,
			);
			buildRules = (
			);
			dependencies = (
				56FC62C51F73D62D0058B0E3 /* PBXTargetDependency */,
			);
			name = myApplicationUITests;
			productName = myApplicationUITests;
			productReference = 56FC62C31F73D62D0058B0E3 /* myApplicationUITests.xctest */;
			productType = "com.apple.product-type.bundle.ui-testing";
		};
/* End PBXNativeTarget section */

/* Begin PBXProject section */
		56FC629C1F73D62D0058B0E3 /* Project object */ = {
			isa = PBXProject;
			attributes = {
				LastSwiftUpdateCheck = 0900;
				LastUpgradeCheck = 0900;
				ORGANIZATIONNAME = "Flippie Stone";
				TargetAttributes = {
					56FC62A31F73D62D0058B0E3 = {
						CreatedOnToolsVersion = 9.0;
						ProvisioningStyle = Automatic;
					};
					56FC62B71F73D62D0058B0E3 = {
						CreatedOnToolsVersion = 9.0;
						ProvisioningStyle = Automatic;
						TestTargetID = 56FC62A31F73D62D0058B0E3;
					};
					56FC62C21F73D62D0058B0E3 = {
						CreatedOnToolsVersion = 9.0;
						ProvisioningStyle = Automatic;
						TestTargetID = 56FC62A31F73D62D0058B0E3;
					};
				};
			};
			buildConfigurationList = 56FC629F1F73D62D0058B0E3 /* Build configuration list for PBXProject "myApplication" */;
			compatibilityVersion = "Xcode 8.0";
			developmentRegion = en;
			hasScannedForEncodings = 0;
			knownRegions = (
				en,
				Base,
			);
			mainGroup = 56FC629B1F73D62D0058B0E3;
			productRefGroup = 56FC62A51F73D62D0058B0E3 /* Products */;
			projectDirPath = "";
			projectRoot = "";
			targets = (
				56FC62A31F73D62D0058B0E3 /* myApplication */,
				56FC62B71F73D62D0058B0E3 /* myApplicationTests */,
				56FC62C21F73D62D0058B0E3 /* myApplicationUITests */,
			);
		};
/* End PBXProject section */

/* Begin PBXResourcesBuildPhase section */
		56FC62A21F73D62D0058B0E3 /* Resources */ = {
			isa = PBXResourcesBuildPhase;
			buildActionMask = 2147483647;
			files = (
				56FC62B21F73D62D0058B0E3 /* LaunchScreen.storyboard in Resources */,
				56FC62AF1F73D62D0058B0E3 /* Assets.xcassets in Resources */,
				56FC62AD1F73D62D0058B0E3 /* Main.storyboard in Resources */,
			);
			runOnlyForDeploymentPostprocessing = 0;
		};
		56FC62B61F73D62D0058B0E3 /* Resources */ = {
			isa = PBXResourcesBuildPhase;
			buildActionMask = 2147483647;
			files = (
			);
			runOnlyForDeploymentPostprocessing = 0;
		};
		56FC62C11F73D62D0058B0E3 /* Resources */ = {
			isa = PBXResourcesBuildPhase;
			buildActionMask = 2147483647;
			files = (
			);
			runOnlyForDeploymentPostprocessing = 0;
		};
/* End PBXResourcesBuildPhase section */

/* Begin PBXSourcesBuildPhase section */
		56FC62A01F73D62D0058B0E3 /* Sources */ = {
			isa = PBXSourcesBuildPhase;
			buildActionMask = 2147483647;
			files = (
				56FC62AA1F73D62D0058B0E3 /* ViewController.swift in Sources */,
				56FC62A81F73D62D0058B0E3 /* AppDelegate.swift in Sources */,
			);
			runOnlyForDeploymentPostprocessing = 0;
		};
		56FC62B41F73D62D0058B0E3 /* Sources */ = {
			isa = PBXSourcesBuildPhase;
			buildActionMask = 2147483647;
			files = (
				56FC62BD1F73D62D0058B0E3 /* myApplicationTests.swift in Sources */,
			);
			runOnlyForDeploymentPostprocessing = 0;
		};
		56FC62BF1F73D62D0058B0E3 /* Sources */ = {
			isa = PBXSourcesBuildPhase;
			buildActionMask = 2147483647;
			files = (
				56FC62C81F73D62D0058B0E3 /* myApplicationUITests.swift in Sources */,
			);
			runOnlyForDeploymentPostprocessing = 0;
		};
/* End PBXSourcesBuildPhase section */

/* Begin PBXTargetDependency section */
		56FC62BA1F73D62D0058B0E3 /* PBXTargetDependency */ = {
			isa = PBXTargetDependency;
			target = 56FC62A31F73D62D0058B0E3 /* myApplication */;
			targetProxy = 56FC62B91F73D62D0058B0E3 /* PBXContainerItemProxy */;
		};
		56FC62C51F73D62D0058B0E3 /* PBXTargetDependency */ = {
			isa = PBXTargetDependency;
			target = 56FC62A31F73D62D0058B0E3 /* myApplication */;
			targetProxy = 56FC62C41F73D62D0058B0E3 /* PBXContainerItemProxy */;
		};
/* End PBXTargetDependency section */

/* Begin PBXVariantGroup section */
		56FC62AB1F73D62D0058B0E3 /* Main.storyboard */ = {
			isa = PBXVariantGroup;
			children = (
				56FC62AC1F73D62D0058B0E3 /* Base */,
			);
			name = Main.storyboard;
			sourceTree = "<group>";
		};
		56FC62B01F73D62D0058B0E3 /* LaunchScreen.storyboard */ = {
			isa = PBXVariantGroup;
			children = (
				56FC62B11F73D62D0058B0E3 /* Base */,
			);
			name = LaunchScreen.storyboard;
			sourceTree = "<group>";
		};
/* End PBXVariantGroup section */

/* Begin XCBuildConfiguration section */
		56FC62CA1F73D62D0058B0E3 /* Debug */ = {
			isa = XCBuildConfiguration;
			buildSettings = {
				ALWAYS_SEARCH_USER_PATHS = NO;
				CLANG_ANALYZER_NONNULL = YES;
				CLANG_ANALYZER_NUMBER_OBJECT_CONVERSION = YES_AGGRESSIVE;
				CLANG_CXX_LANGUAGE_STANDARD = "gnu++14";
				CLANG_CXX_LIBRARY = "libc++";
				CLANG_ENABLE_MODULES = YES;
				CLANG_ENABLE_OBJC_ARC = YES;
				CLANG_WARN_BLOCK_CAPTURE_AUTORELEASING = YES;
				CLANG_WARN_BOOL_CONVERSION = YES;
				CLANG_WARN_COMMA = YES;
				CLANG_WARN_CONSTANT_CONVERSION = YES;
				CLANG_WARN_DIRECT_OBJC_ISA_USAGE = YES_ERROR;
				CLANG_WARN_DOCUMENTATION_COMMENTS = YES;
				CLANG_WARN_EMPTY_BODY = YES;
				CLANG_WARN_ENUM_CONVERSION = YES;
				CLANG_WARN_INFINITE_RECURSION = YES;
				CLANG_WARN_INT_CONVERSION = YES;
				CLANG_WARN_NON_LITERAL_NULL_CONVERSION = YES;
				CLANG_WARN_OBJC_LITERAL_CONVERSION = YES;
				CLANG_WARN_OBJC_ROOT_CLASS = YES_ERROR;
				CLANG_WARN_RANGE_LOOP_ANALYSIS = YES;
				CLANG_WARN_STRICT_PROTOTYPES = YES;
				CLANG_WARN_SUSPICIOUS_MOVE = YES;
				CLANG_WARN_UNGUARDED_AVAILABILITY = YES_AGGRESSIVE;
				CLANG_WARN_UNREACHABLE_CODE = YES;
				CLANG_WARN__DUPLICATE_METHOD_MATCH = YES;
				CODE_SIGN_IDENTITY = "iPhone Developer";
				COPY_PHASE_STRIP = NO;
				DEBUG_INFORMATION_FORMAT = dwarf;
				ENABLE_STRICT_OBJC_MSGSEND = YES;
				ENABLE_TESTABILITY = YES;
				GCC_C_LANGUAGE_STANDARD = gnu11;
				GCC_DYNAMIC_NO_PIC = NO;
				GCC_NO_COMMON_BLOCKS = YES;
				GCC_OPTIMIZATION_LEVEL = 0;
				GCC_PREPROCESSOR_DEFINITIONS = (
					"DEBUG=1",
					"$(inherited)",
				);
				GCC_WARN_64_TO_32_BIT_CONVERSION = YES;
				GCC_WARN_ABOUT_RETURN_TYPE = YES_ERROR;
				GCC_WARN_UNDECLARED_SELECTOR = YES;
				GCC_WARN_UNINITIALIZED_AUTOS = YES_AGGRESSIVE;
				GCC_WARN_UNUSED_FUNCTION = YES;
				GCC_WARN_UNUSED_VARIABLE = YES;
				IPHONEOS_DEPLOYMENT_TARGET = 11.0;
				MTL_ENABLE_DEBUG_INFO = YES;
				ONLY_ACTIVE_ARCH = YES;
				SDKROOT = iphoneos;
				SWIFT_ACTIVE_COMPILATION_CONDITIONS = DEBUG;
				SWIFT_OPTIMIZATION_LEVEL = "-Onone";
			};
			name = Debug;
		};
		56FC62CB1F73D62D0058B0E3 /* Release */ = {
			isa = XCBuildConfiguration;
			buildSettings = {
				ALWAYS_SEARCH_USER_PATHS = NO;
				CLANG_ANALYZER_NONNULL = YES;
				CLANG_ANALYZER_NUMBER_OBJECT_CONVERSION = YES_AGGRESSIVE;
				CLANG_CXX_LANGUAGE_STANDARD = "gnu++14";
				CLANG_CXX_LIBRARY = "libc++";
				CLANG_ENABLE_MODULES = YES;
				CLANG_ENABLE_OBJC_ARC = YES;
				CLANG_WARN_BLOCK_CAPTURE_AUTORELEASING = YES;
				CLANG_WARN_BOOL_CONVERSION = YES;
				CLANG_WARN_COMMA = YES;
				CLANG_WARN_CONSTANT_CONVERSION = YES;
				CLANG_WARN_DIRECT_OBJC_ISA_USAGE = YES_ERROR;
				CLANG_WARN_DOCUMENTATION_COMMENTS = YES;
				CLANG_WARN_EMPTY_BODY = YES;
				CLANG_WARN_ENUM_CONVERSION = YES;
				CLANG_WARN_INFINITE_RECURSION = YES;
				CLANG_WARN_INT_CONVERSION = YES;
				CLANG_WARN_NON_LITERAL_NULL_CONVERSION = YES;
				CLANG_WARN_OBJC_LITERAL_CONVERSION = YES;
				CLANG_WARN_OBJC_ROOT_CLASS = YES_ERROR;
				CLANG_WARN_RANGE_LOOP_ANALYSIS = YES;
				CLANG_WARN_STRICT_PROTOTYPES = YES;
				CLANG_WARN_SUSPICIOUS_MOVE = YES;
				CLANG_WARN_UNGUARDED_AVAILABILITY = YES_AGGRESSIVE;
				CLANG_WARN_UNREACHABLE_CODE = YES;
				CLANG_WARN__DUPLICATE_METHOD_MATCH = YES;
				CODE_SIGN_IDENTITY = "iPhone Developer";
				COPY_PHASE_STRIP = NO;
				DEBUG_INFORMATION_FORMAT = "dwarf-with-dsym";
				ENABLE_NS_ASSERTIONS = NO;
				ENABLE_STRICT_OBJC_MSGSEND = YES;
				GCC_C_LANGUAGE_STANDARD = gnu11;
				GCC_NO_COMMON_BLOCKS = YES;
				GCC_WARN_64_TO_32_BIT_CONVERSION = YES;
				GCC_WARN_ABOUT_RETURN_TYPE = YES_ERROR;
				GCC_WARN_UNDECLARED_SELECTOR = YES;
				GCC_WARN_UNINITIALIZED_AUTOS = YES_AGGRESSIVE;
				GCC_WARN_UNUSED_FUNCTION = YES;
				GCC_WARN_UNUSED_VARIABLE = YES;
				IPHONEOS_DEPLOYMENT_TARGET = 11.0;
				MTL_ENABLE_DEBUG_INFO = NO;
				SDKROOT = iphoneos;
				SWIFT_OPTIMIZATION_LEVEL = "-Owholemodule";
				VALIDATE_PRODUCT = YES;
			};
			name = Release;
		};
		56FC62CD1F73D62D0058B0E3 /* Debug */ = {
			isa = XCBuildConfiguration;
			buildSettings = {
				ASSETCATALOG_COMPILER_APPICON_NAME = AppIcon;
				CODE_SIGN_STYLE = Automatic;
				DEVELOPMENT_TEAM = 64EFKW672L;
				INFOPLIST_FILE = myApplication/Info.plist;
				LD_RUNPATH_SEARCH_PATHS = "$(inherited) @executable_path/Frameworks";
				PRODUCT_BUNDLE_IDENTIFIER = "Flippie-Stone.myApplication";
				PRODUCT_NAME = "$(TARGET_NAME)";
				SWIFT_VERSION = 4.0;
				TARGETED_DEVICE_FAMILY = "1,2";
			};
			name = Debug;
		};
		56FC62CE1F73D62D0058B0E3 /* Release */ = {
			isa = XCBuildConfiguration;
			buildSettings = {
				ASSETCATALOG_COMPILER_APPICON_NAME = AppIcon;
				CODE_SIGN_STYLE = Automatic;
				DEVELOPMENT_TEAM = 64EFKW672L;
				INFOPLIST_FILE = myApplication/Info.plist;
				LD_RUNPATH_SEARCH_PATHS = "$(inherited) @executable_path/Frameworks";
				PRODUCT_BUNDLE_IDENTIFIER = "Flippie-Stone.myApplication";
				PRODUCT_NAME = "$(TARGET_NAME)";
				SWIFT_VERSION = 4.0;
				TARGETED_DEVICE_FAMILY = "1,2";
			};
			name = Release;
		};
		56FC62D01F73D62D0058B0E3 /* Debug */ = {
			isa = XCBuildConfiguration;
			buildSettings = {
				ALWAYS_EMBED_SWIFT_STANDARD_LIBRARIES = YES;
				BUNDLE_LOADER = "$(TEST_HOST)";
				CODE_SIGN_STYLE = Automatic;
				DEVELOPMENT_TEAM = 64EFKW672L;
				INFOPLIST_FILE = myApplicationTests/Info.plist;
				LD_RUNPATH_SEARCH_PATHS = "$(inherited) @executable_path/Frameworks @loader_path/Frameworks";
				PRODUCT_BUNDLE_IDENTIFIER = "Flippie-Stone.myApplicationTests";
				PRODUCT_NAME = "$(TARGET_NAME)";
				SWIFT_VERSION = 4.0;
				TARGETED_DEVICE_FAMILY = "1,2";
				TEST_HOST = "$(BUILT_PRODUCTS_DIR)/myApplication.app/myApplication";
			};
			name = Debug;
		};
		56FC62D11F73D62D0058B0E3 /* Release */ = {
			isa = XCBuildConfiguration;
			buildSettings = {
				ALWAYS_EMBED_SWIFT_STANDARD_LIBRARIES = YES;
				BUNDLE_LOADER = "$(TEST_HOST)";
				CODE_SIGN_STYLE = Automatic;
				DEVELOPMENT_TEAM = 64EFKW672L;
				INFOPLIST_FILE = myApplicationTests/Info.plist;
				LD_RUNPATH_SEARCH_PATHS = "$(inherited) @executable_path/Frameworks @loader_path/Frameworks";
				PRODUCT_BUNDLE_IDENTIFIER = "Flippie-Stone.myApplicationTests";
				PRODUCT_NAME = "$(TARGET_NAME)";
				SWIFT_VERSION = 4.0;
				TARGETED_DEVICE_FAMILY = "1,2";
				TEST_HOST = "$(BUILT_PRODUCTS_DIR)/myApplication.app/myApplication";
			};
			name = Release;
		};
		56FC62D31F73D62D0058B0E3 /* Debug */ = {
			isa = XCBuildConfiguration;
			buildSettings = {
				ALWAYS_EMBED_SWIFT_STANDARD_LIBRARIES = YES;
				CODE_SIGN_STYLE = Automatic;
				DEVELOPMENT_TEAM = 64EFKW672L;
				INFOPLIST_FILE = myApplicationUITests/Info.plist;
				LD_RUNPATH_SEARCH_PATHS = "$(inherited) @executable_path/Frameworks @loader_path/Frameworks";
				PRODUCT_BUNDLE_IDENTIFIER = "Flippie-Stone.myApplicationUITests";
				PRODUCT_NAME = "$(TARGET_NAME)";
				SWIFT_VERSION = 4.0;
				TARGETED_DEVICE_FAMILY = "1,2";
				TEST_TARGET_NAME = myApplication;
			};
			name = Debug;
		};
		56FC62D41F73D62D0058B0E3 /* Release */ = {
			isa = XCBuildConfiguration;
			buildSettings = {
				ALWAYS_EMBED_SWIFT_STANDARD_LIBRARIES = YES;
				CODE_SIGN_STYLE = Automatic;
				DEVELOPMENT_TEAM = 64EFKW672L;
				INFOPLIST_FILE = myApplicationUITests/Info.plist;
				LD_RUNPATH_SEARCH_PATHS = "$(inherited) @executable_path/Frameworks @loader_path/Frameworks";
				PRODUCT_BUNDLE_IDENTIFIER = "Flippie-Stone.myApplicationUITests";
				PRODUCT_NAME = "$(TARGET_NAME)";
				SWIFT_VERSION = 4.0;
				TARGETED_DEVICE_FAMILY = "1,2";
				TEST_TARGET_NAME = myApplication;
			};
			name = Release;
		};
/* End XCBuildConfiguration section */

/* Begin XCConfigurationList section */
		56FC629F1F73D62D0058B0E3 /* Build configuration list for PBXProject "myApplication" */ = {
			isa = XCConfigurationList;
			buildConfigurations = (
				56FC62CA1F73D62D0058B0E3 /* Debug */,
				56FC62CB1F73D62D0058B0E3 /* Release */,
			);
			defaultConfigurationIsVisible = 0;
			defaultConfigurationName = Release;
		};
		56FC62CC1F73D62D0058B0E3 /* Build configuration list for PBXNativeTarget "myApplication" */ = {
			isa = XCConfigurationList;
			buildConfigurations = (
				56FC62CD1F73D62D0058B0E3 /* Debug */,
				56FC62CE1F73D62D0058B0E3 /* Release */,
			);
			defaultConfigurationIsVisible = 0;
			defaultConfigurationName = Release;
		};
		56FC62CF1F73D62D0058B0E3 /* Build configuration list for PBXNativeTarget "myApplicationTests" */ = {
			isa = XCConfigurationList;
			buildConfigurations = (
				56FC62D01F73D62D0058B0E3 /* Debug */,
				56FC62D11F73D62D0058B0E3 /* Release */,
			);
			defaultConfigurationIsVisible = 0;
			defaultConfigurationName = Release;
		};
		56FC62D21F73D62D0058B0E3 /* Build configuration list for PBXNativeTarget "myApplicationUITests" */ = {
			isa = XCConfigurationList;
			buildConfigurations = (
				56FC62D31F73D62D0058B0E3 /* Debug */,
				56FC62D41F73D62D0058B0E3 /* Release */,
			);
			defaultConfigurationIsVisible = 0;
			defaultConfigurationName = Release;
		};
/* End XCConfigurationList section */
	};
	rootObject = 56FC629C1F73D62D0058B0E3 /* Project object */;
}
